
Microsoft Visual Studio Solution File, Format Version 12.00
# Visual Studio Version 16
VisualStudioVersion = 16.0.29111.141
MinimumVisualStudioVersion = 10.0.40219.1
Project("{FAE04EC0-301F-11D3-BF4B-00C04F79EFBC}") = "LastChanceCsharp", "LastChanceCsharp.csproj", "{B0E788EE-0103-40AC-9471-2F82346C5686}"
EndProject
Global
	GlobalSection(SolutionConfigurationPlatforms) = preSolution
		Debug|Any CPU = Debug|Any CPU
		Release|Any CPU = Release|Any CPU
	EndGlobalSection
	GlobalSection(ProjectConfigurationPlatforms) = postSolution
		{B0E788EE-0103-40AC-9471-2F82346C5686}.Debug|Any CPU.ActiveCfg = Debug|Any CPU
		{B0E788EE-0103-40AC-9471-2F82346C5686}.Debug|Any CPU.Build.0 = Debug|Any CPU
		{B0E788EE-0103-40AC-9471-2F82346C5686}.Release|Any CPU.ActiveCfg = Release|Any CPU
		{B0E788EE-0103-40AC-9471-2F82346C5686}.Release|Any CPU.Build.0 = Release|Any CPU
	EndGlobalSection
	GlobalSection(SolutionProperties) = preSolution
		HideSolutionNode = FALSE
	EndGlobalSection
	GlobalSection(ExtensibilityGlobals) = postSolution
		SolutionGuid = {3C61A13F-5CE9-49A8-AF00-7F59A02C1F87}
	EndGlobalSection
EndGlobal
